
Microsoft Visual Studio Solution File, Format Version 12.00
# Visual Studio Version 16
VisualStudioVersion = 16.0.29911.84
MinimumVisualStudioVersion = 10.0.40219.1
Project("{FAE04EC0-301F-11D3-BF4B-00C04F79EFBC}") = "EOT_LTĐT", "EOT_LTĐT\EOT_LTĐT.csproj", "{844A26AF-E0CC-4FD8-90CF-44BA1407659F}"
EndProject
Global
	GlobalSection(SolutionConfigurationPlatforms) = preSolution
		Debug|Any CPU = Debug|Any CPU
		Release|Any CPU = Release|Any CPU
	EndGlobalSection
	GlobalSection(ProjectConfigurationPlatforms) = postSolution
		{844A26AF-E0CC-4FD8-90CF-44BA1407659F}.Debug|Any CPU.ActiveCfg = Debug|Any CPU
		{844A26AF-E0CC-4FD8-90CF-44BA1407659F}.Debug|Any CPU.Build.0 = Debug|Any CPU
		{844A26AF-E0CC-4FD8-90CF-44BA1407659F}.Release|Any CPU.ActiveCfg = Release|Any CPU
		{844A26AF-E0CC-4FD8-90CF-44BA1407659F}.Release|Any CPU.Build.0 = Release|Any CPU
	EndGlobalSection
	GlobalSection(SolutionProperties) = preSolution
		HideSolutionNode = FALSE
	EndGlobalSection
	GlobalSection(ExtensibilityGlobals) = postSolution
		SolutionGuid = {89FDB344-BD43-4F3B-ACF7-0107F82A8E55}
	EndGlobalSection
EndGlobal
